
Microsoft Visual Studio Solution File, Format Version 12.00
# Visual Studio 15
VisualStudioVersion = 15.0.27004.2010
MinimumVisualStudioVersion = 10.0.40219.1
Project("{9A19103F-16F7-4668-BE54-9A1E7A4F7556}") = "CommerceProject", "CommerceProject\CommerceProject.csproj", "{7BC2F869-02AB-4AF5-A199-7477EE43BC26}"
EndProject
Project("{2150E333-8FDC-42A3-9474-1A3956D46DE8}") = "SOLID", "SOLID", "{4BDFC164-46BE-4E33-A258-B162A7252BBC}"
EndProject
Project("{FAE04EC0-301F-11D3-BF4B-00C04F79EFBC}") = "CommerceTest", "CommerceTest\CommerceTest.csproj", "{22398B55-DAC0-44F8-BB20-1981B8254EC5}"
EndProject
Global
	GlobalSection(SolutionConfigurationPlatforms) = preSolution
		Debug|Any CPU = Debug|Any CPU
		Release|Any CPU = Release|Any CPU
	EndGlobalSection
	GlobalSection(ProjectConfigurationPlatforms) = postSolution
		{7BC2F869-02AB-4AF5-A199-7477EE43BC26}.Debug|Any CPU.ActiveCfg = Debug|Any CPU
		{7BC2F869-02AB-4AF5-A199-7477EE43BC26}.Debug|Any CPU.Build.0 = Debug|Any CPU
		{7BC2F869-02AB-4AF5-A199-7477EE43BC26}.Release|Any CPU.ActiveCfg = Release|Any CPU
		{7BC2F869-02AB-4AF5-A199-7477EE43BC26}.Release|Any CPU.Build.0 = Release|Any CPU
		{22398B55-DAC0-44F8-BB20-1981B8254EC5}.Debug|Any CPU.ActiveCfg = Debug|Any CPU
		{22398B55-DAC0-44F8-BB20-1981B8254EC5}.Debug|Any CPU.Build.0 = Debug|Any CPU
		{22398B55-DAC0-44F8-BB20-1981B8254EC5}.Release|Any CPU.ActiveCfg = Release|Any CPU
		{22398B55-DAC0-44F8-BB20-1981B8254EC5}.Release|Any CPU.Build.0 = Release|Any CPU
	EndGlobalSection
	GlobalSection(SolutionProperties) = preSolution
		HideSolutionNode = FALSE
	EndGlobalSection
	GlobalSection(NestedProjects) = preSolution
		{7BC2F869-02AB-4AF5-A199-7477EE43BC26} = {4BDFC164-46BE-4E33-A258-B162A7252BBC}
	EndGlobalSection
	GlobalSection(ExtensibilityGlobals) = postSolution
		SolutionGuid = {7E3430E3-218C-4C97-A23E-F56747C738B7}
	EndGlobalSection
EndGlobal
